
Microsoft Visual Studio Solution File, Format Version 12.00
# Visual Studio 2013
VisualStudioVersion = 12.0.31101.0
MinimumVisualStudioVersion = 10.0.40219.1
Project("{FAE04EC0-301F-11D3-BF4B-00C04F79EFBC}") = "StockSimulator", "StockSimulator.csproj", "{2FC4ABCF-32E2-455D-90F8-EAEC624A65E1}"
EndProject
Project("{FAE04EC0-301F-11D3-BF4B-00C04F79EFBC}") = "TickerListMaker", "..\TickerListMaker\TickerListMaker.csproj", "{B782F1A4-D205-418B-B930-AC26E73292E4}"
EndProject
Global
	GlobalSection(SolutionConfigurationPlatforms) = preSolution
		Debug|Any CPU = Debug|Any CPU
		Debug|Mixed Platforms = Debug|Mixed Platforms
		Debug|x64 = Debug|x64
		Release|Any CPU = Release|Any CPU
		Release|Mixed Platforms = Release|Mixed Platforms
		Release|x64 = Release|x64
	EndGlobalSection
	GlobalSection(ProjectConfigurationPlatforms) = postSolution
		{2FC4ABCF-32E2-455D-90F8-EAEC624A65E1}.Debug|Any CPU.ActiveCfg = Debug|Any CPU
		{2FC4ABCF-32E2-455D-90F8-EAEC624A65E1}.Debug|Any CPU.Build.0 = Debug|Any CPU
		{2FC4ABCF-32E2-455D-90F8-EAEC624A65E1}.Debug|Mixed Platforms.ActiveCfg = Debug|Any CPU
		{2FC4ABCF-32E2-455D-90F8-EAEC624A65E1}.Debug|Mixed Platforms.Build.0 = Debug|Any CPU
		{2FC4ABCF-32E2-455D-90F8-EAEC624A65E1}.Debug|x64.ActiveCfg = Debug|x64
		{2FC4ABCF-32E2-455D-90F8-EAEC624A65E1}.Debug|x64.Build.0 = Debug|x64
		{2FC4ABCF-32E2-455D-90F8-EAEC624A65E1}.Release|Any CPU.ActiveCfg = Release|Any CPU
		{2FC4ABCF-32E2-455D-90F8-EAEC624A65E1}.Release|Any CPU.Build.0 = Release|Any CPU
		{2FC4ABCF-32E2-455D-90F8-EAEC624A65E1}.Release|Mixed Platforms.ActiveCfg = Release|Any CPU
		{2FC4ABCF-32E2-455D-90F8-EAEC624A65E1}.Release|Mixed Platforms.Build.0 = Release|Any CPU
		{2FC4ABCF-32E2-455D-90F8-EAEC624A65E1}.Release|x64.ActiveCfg = Release|x64
		{2FC4ABCF-32E2-455D-90F8-EAEC624A65E1}.Release|x64.Build.0 = Release|x64
		{2FC4ABCF-32E2-455D-90F8-EAEC624A65E1}.Release|x64.Deploy.0 = Release|x64
		{B782F1A4-D205-418B-B930-AC26E73292E4}.Debug|Any CPU.ActiveCfg = Debug|Any CPU
		{B782F1A4-D205-418B-B930-AC26E73292E4}.Debug|Any CPU.Build.0 = Debug|Any CPU
		{B782F1A4-D205-418B-B930-AC26E73292E4}.Debug|Mixed Platforms.ActiveCfg = Debug|Any CPU
		{B782F1A4-D205-418B-B930-AC26E73292E4}.Debug|Mixed Platforms.Build.0 = Debug|Any CPU
		{B782F1A4-D205-418B-B930-AC26E73292E4}.Debug|x64.ActiveCfg = Debug|Any CPU
		{B782F1A4-D205-418B-B930-AC26E73292E4}.Debug|x64.Build.0 = Debug|Any CPU
		{B782F1A4-D205-418B-B930-AC26E73292E4}.Release|Any CPU.ActiveCfg = Release|Any CPU
		{B782F1A4-D205-418B-B930-AC26E73292E4}.Release|Any CPU.Build.0 = Release|Any CPU
		{B782F1A4-D205-418B-B930-AC26E73292E4}.Release|Mixed Platforms.ActiveCfg = Release|Any CPU
		{B782F1A4-D205-418B-B930-AC26E73292E4}.Release|Mixed Platforms.Build.0 = Release|Any CPU
		{B782F1A4-D205-418B-B930-AC26E73292E4}.Release|x64.ActiveCfg = Release|Any CPU
		{B782F1A4-D205-418B-B930-AC26E73292E4}.Release|x64.Build.0 = Release|Any CPU
	EndGlobalSection
	GlobalSection(SolutionProperties) = preSolution
		HideSolutionNode = FALSE
	EndGlobalSection
	GlobalSection(Performance) = preSolution
		HasPerformanceSessions = true
	EndGlobalSection
EndGlobal
